
Microsoft Visual Studio Solution File, Format Version 12.00
# Visual Studio 2012
VisualStudioVersion = 12.0.31101.0
MinimumVisualStudioVersion = 10.0.40219.1
Project("{FAE04EC0-301F-11D3-BF4B-00C04F79EFBC}") = "LearnMVVM", "LearnMVVM\LearnMVVM\LearnMVVM.csproj", "{7AAB4996-928B-40D6-AB00-5299213D8217}"
EndProject
Project("{FAE04EC0-301F-11D3-BF4B-00C04F79EFBC}") = "LearnMVVM.iOS", "LearnMVVM\LearnMVVM.iOS\LearnMVVM.iOS.csproj", "{9D4004BB-DF43-4B7C-8637-6D5076318158}"
EndProject
Project("{FAE04EC0-301F-11D3-BF4B-00C04F79EFBC}") = "LearnMVVM.Droid", "LearnMVVM\LearnMVVM.Droid\LearnMVVM.Droid.csproj", "{AEAB49AF-5211-48A9-A795-F2BA47ED2DFE}"
EndProject
Project("{FAE04EC0-301F-11D3-BF4B-00C04F79EFBC}") = "Model", "Model\Model.csproj", "{67F9D3A8-F71E-4428-913F-C37AE82CDB24}"
EndProject
Project("{FAE04EC0-301F-11D3-BF4B-00C04F79EFBC}") = "ViewModel", "ViewModel\ViewModel.csproj", "{EF7E8B60-E7DC-48B4-A5A3-E498E8BBE698}"
EndProject
Global
	GlobalSection(SolutionConfigurationPlatforms) = preSolution
		Ad-Hoc|Any CPU = Ad-Hoc|Any CPU
		Ad-Hoc|iPhone = Ad-Hoc|iPhone
		Ad-Hoc|iPhoneSimulator = Ad-Hoc|iPhoneSimulator
		Ad-Hoc|Mixed Platforms = Ad-Hoc|Mixed Platforms
		AppStore|Any CPU = AppStore|Any CPU
		AppStore|iPhone = AppStore|iPhone
		AppStore|iPhoneSimulator = AppStore|iPhoneSimulator
		AppStore|Mixed Platforms = AppStore|Mixed Platforms
		Debug|Any CPU = Debug|Any CPU
		Debug|iPhone = Debug|iPhone
		Debug|iPhoneSimulator = Debug|iPhoneSimulator
		Debug|Mixed Platforms = Debug|Mixed Platforms
		Release|Any CPU = Release|Any CPU
		Release|iPhone = Release|iPhone
		Release|iPhoneSimulator = Release|iPhoneSimulator
		Release|Mixed Platforms = Release|Mixed Platforms
	EndGlobalSection
	GlobalSection(ProjectConfigurationPlatforms) = postSolution
		{67F9D3A8-F71E-4428-913F-C37AE82CDB24}.Ad-Hoc|Any CPU.ActiveCfg = Release|Any CPU
		{67F9D3A8-F71E-4428-913F-C37AE82CDB24}.Ad-Hoc|Any CPU.Build.0 = Release|Any CPU
		{67F9D3A8-F71E-4428-913F-C37AE82CDB24}.Ad-Hoc|iPhone.ActiveCfg = Release|Any CPU
		{67F9D3A8-F71E-4428-913F-C37AE82CDB24}.Ad-Hoc|iPhoneSimulator.ActiveCfg = Release|Any CPU
		{67F9D3A8-F71E-4428-913F-C37AE82CDB24}.Ad-Hoc|Mixed Platforms.ActiveCfg = Release|Any CPU
		{67F9D3A8-F71E-4428-913F-C37AE82CDB24}.Ad-Hoc|Mixed Platforms.Build.0 = Release|Any CPU
		{67F9D3A8-F71E-4428-913F-C37AE82CDB24}.AppStore|Any CPU.ActiveCfg = Release|Any CPU
		{67F9D3A8-F71E-4428-913F-C37AE82CDB24}.AppStore|Any CPU.Build.0 = Release|Any CPU
		{67F9D3A8-F71E-4428-913F-C37AE82CDB24}.AppStore|iPhone.ActiveCfg = Release|Any CPU
		{67F9D3A8-F71E-4428-913F-C37AE82CDB24}.AppStore|iPhoneSimulator.ActiveCfg = Release|Any CPU
		{67F9D3A8-F71E-4428-913F-C37AE82CDB24}.AppStore|Mixed Platforms.ActiveCfg = Release|Any CPU
		{67F9D3A8-F71E-4428-913F-C37AE82CDB24}.AppStore|Mixed Platforms.Build.0 = Release|Any CPU
		{67F9D3A8-F71E-4428-913F-C37AE82CDB24}.Debug|Any CPU.ActiveCfg = Debug|Any CPU
		{67F9D3A8-F71E-4428-913F-C37AE82CDB24}.Debug|Any CPU.Build.0 = Debug|Any CPU
		{67F9D3A8-F71E-4428-913F-C37AE82CDB24}.Debug|iPhone.ActiveCfg = Debug|Any CPU
		{67F9D3A8-F71E-4428-913F-C37AE82CDB24}.Debug|iPhoneSimulator.ActiveCfg = Debug|Any CPU
		{67F9D3A8-F71E-4428-913F-C37AE82CDB24}.Debug|Mixed Platforms.ActiveCfg = Debug|Any CPU
		{67F9D3A8-F71E-4428-913F-C37AE82CDB24}.Debug|Mixed Platforms.Build.0 = Debug|Any CPU
		{67F9D3A8-F71E-4428-913F-C37AE82CDB24}.Release|Any CPU.ActiveCfg = Release|Any CPU
		{67F9D3A8-F71E-4428-913F-C37AE82CDB24}.Release|Any CPU.Build.0 = Release|Any CPU
		{67F9D3A8-F71E-4428-913F-C37AE82CDB24}.Release|iPhone.ActiveCfg = Release|Any CPU
		{67F9D3A8-F71E-4428-913F-C37AE82CDB24}.Release|iPhoneSimulator.ActiveCfg = Release|Any CPU
		{67F9D3A8-F71E-4428-913F-C37AE82CDB24}.Release|Mixed Platforms.ActiveCfg = Release|Any CPU
		{67F9D3A8-F71E-4428-913F-C37AE82CDB24}.Release|Mixed Platforms.Build.0 = Release|Any CPU
		{7AAB4996-928B-40D6-AB00-5299213D8217}.Ad-Hoc|Any CPU.ActiveCfg = Release|Any CPU
		{7AAB4996-928B-40D6-AB00-5299213D8217}.Ad-Hoc|Any CPU.Build.0 = Release|Any CPU
		{7AAB4996-928B-40D6-AB00-5299213D8217}.Ad-Hoc|iPhone.ActiveCfg = Release|Any CPU
		{7AAB4996-928B-40D6-AB00-5299213D8217}.Ad-Hoc|iPhoneSimulator.ActiveCfg = Release|Any CPU
		{7AAB4996-928B-40D6-AB00-5299213D8217}.Ad-Hoc|Mixed Platforms.ActiveCfg = Release|Any CPU
		{7AAB4996-928B-40D6-AB00-5299213D8217}.Ad-Hoc|Mixed Platforms.Build.0 = Release|Any CPU
		{7AAB4996-928B-40D6-AB00-5299213D8217}.AppStore|Any CPU.ActiveCfg = Release|Any CPU
		{7AAB4996-928B-40D6-AB00-5299213D8217}.AppStore|Any CPU.Build.0 = Release|Any CPU
		{7AAB4996-928B-40D6-AB00-5299213D8217}.AppStore|iPhone.ActiveCfg = Release|Any CPU
		{7AAB4996-928B-40D6-AB00-5299213D8217}.AppStore|iPhoneSimulator.ActiveCfg = Release|Any CPU
		{7AAB4996-928B-40D6-AB00-5299213D8217}.AppStore|Mixed Platforms.ActiveCfg = Release|Any CPU
		{7AAB4996-928B-40D6-AB00-5299213D8217}.AppStore|Mixed Platforms.Build.0 = Release|Any CPU
		{7AAB4996-928B-40D6-AB00-5299213D8217}.Debug|Any CPU.ActiveCfg = Debug|Any CPU
		{7AAB4996-928B-40D6-AB00-5299213D8217}.Debug|Any CPU.Build.0 = Debug|Any CPU
		{7AAB4996-928B-40D6-AB00-5299213D8217}.Debug|iPhone.ActiveCfg = Debug|Any CPU
		{7AAB4996-928B-40D6-AB00-5299213D8217}.Debug|iPhoneSimulator.ActiveCfg = Debug|Any CPU
		{7AAB4996-928B-40D6-AB00-5299213D8217}.Debug|Mixed Platforms.ActiveCfg = Debug|Any CPU
		{7AAB4996-928B-40D6-AB00-5299213D8217}.Debug|Mixed Platforms.Build.0 = Debug|Any CPU
		{7AAB4996-928B-40D6-AB00-5299213D8217}.Release|Any CPU.ActiveCfg = Release|Any CPU
		{7AAB4996-928B-40D6-AB00-5299213D8217}.Release|Any CPU.Build.0 = Release|Any CPU
		{7AAB4996-928B-40D6-AB00-5299213D8217}.Release|iPhone.ActiveCfg = Release|Any CPU
		{7AAB4996-928B-40D6-AB00-5299213D8217}.Release|iPhoneSimulator.ActiveCfg = Release|Any CPU
		{7AAB4996-928B-40D6-AB00-5299213D8217}.Release|Mixed Platforms.ActiveCfg = Release|Any CPU
		{7AAB4996-928B-40D6-AB00-5299213D8217}.Release|Mixed Platforms.Build.0 = Release|Any CPU
		{9D4004BB-DF43-4B7C-8637-6D5076318158}.Ad-Hoc|Any CPU.ActiveCfg = Ad-Hoc|iPhone
		{9D4004BB-DF43-4B7C-8637-6D5076318158}.Ad-Hoc|iPhone.ActiveCfg = Ad-Hoc|iPhone
		{9D4004BB-DF43-4B7C-8637-6D5076318158}.Ad-Hoc|iPhone.Build.0 = Ad-Hoc|iPhone
		{9D4004BB-DF43-4B7C-8637-6D5076318158}.Ad-Hoc|iPhoneSimulator.ActiveCfg = Ad-Hoc|iPhoneSimulator
		{9D4004BB-DF43-4B7C-8637-6D5076318158}.Ad-Hoc|iPhoneSimulator.Build.0 = Ad-Hoc|iPhoneSimulator
		{9D4004BB-DF43-4B7C-8637-6D5076318158}.Ad-Hoc|Mixed Platforms.ActiveCfg = Ad-Hoc|iPhone
		{9D4004BB-DF43-4B7C-8637-6D5076318158}.Ad-Hoc|Mixed Platforms.Build.0 = Ad-Hoc|iPhone
		{9D4004BB-DF43-4B7C-8637-6D5076318158}.AppStore|Any CPU.ActiveCfg = AppStore|iPhone
		{9D4004BB-DF43-4B7C-8637-6D5076318158}.AppStore|iPhone.ActiveCfg = AppStore|iPhone
		{9D4004BB-DF43-4B7C-8637-6D5076318158}.AppStore|iPhone.Build.0 = AppStore|iPhone
		{9D4004BB-DF43-4B7C-8637-6D5076318158}.AppStore|iPhoneSimulator.ActiveCfg = AppStore|iPhoneSimulator
		{9D4004BB-DF43-4B7C-8637-6D5076318158}.AppStore|iPhoneSimulator.Build.0 = AppStore|iPhoneSimulator
		{9D4004BB-DF43-4B7C-8637-6D5076318158}.AppStore|Mixed Platforms.ActiveCfg = AppStore|iPhone
		{9D4004BB-DF43-4B7C-8637-6D5076318158}.AppStore|Mixed Platforms.Build.0 = AppStore|iPhone
		{9D4004BB-DF43-4B7C-8637-6D5076318158}.Debug|Any CPU.ActiveCfg = Debug|iPhone
		{9D4004BB-DF43-4B7C-8637-6D5076318158}.Debug|iPhone.ActiveCfg = Debug|iPhone
		{9D4004BB-DF43-4B7C-8637-6D5076318158}.Debug|iPhone.Build.0 = Debug|iPhone
		{9D4004BB-DF43-4B7C-8637-6D5076318158}.Debug|iPhoneSimulator.ActiveCfg = Debug|iPhoneSimulator
		{9D4004BB-DF43-4B7C-8637-6D5076318158}.Debug|iPhoneSimulator.Build.0 = Debug|iPhoneSimulator
		{9D4004BB-DF43-4B7C-8637-6D5076318158}.Debug|Mixed Platforms.ActiveCfg = Debug|iPhone
		{9D4004BB-DF43-4B7C-8637-6D5076318158}.Debug|Mixed Platforms.Build.0 = Debug|iPhone
		{9D4004BB-DF43-4B7C-8637-6D5076318158}.Release|Any CPU.ActiveCfg = Release|iPhone
		{9D4004BB-DF43-4B7C-8637-6D5076318158}.Release|iPhone.ActiveCfg = Release|iPhone
		{9D4004BB-DF43-4B7C-8637-6D5076318158}.Release|iPhone.Build.0 = Release|iPhone
		{9D4004BB-DF43-4B7C-8637-6D5076318158}.Release|iPhoneSimulator.ActiveCfg = Release|iPhoneSimulator
		{9D4004BB-DF43-4B7C-8637-6D5076318158}.Release|iPhoneSimulator.Build.0 = Release|iPhoneSimulator
		{9D4004BB-DF43-4B7C-8637-6D5076318158}.Release|Mixed Platforms.ActiveCfg = Release|iPhone
		{9D4004BB-DF43-4B7C-8637-6D5076318158}.Release|Mixed Platforms.Build.0 = Release|iPhone
		{AEAB49AF-5211-48A9-A795-F2BA47ED2DFE}.Ad-Hoc|Any CPU.ActiveCfg = Release|Any CPU
		{AEAB49AF-5211-48A9-A795-F2BA47ED2DFE}.Ad-Hoc|Any CPU.Build.0 = Release|Any CPU
		{AEAB49AF-5211-48A9-A795-F2BA47ED2DFE}.Ad-Hoc|Any CPU.Deploy.0 = Release|Any CPU
		{AEAB49AF-5211-48A9-A795-F2BA47ED2DFE}.Ad-Hoc|iPhone.ActiveCfg = Release|Any CPU
		{AEAB49AF-5211-48A9-A795-F2BA47ED2DFE}.Ad-Hoc|iPhoneSimulator.ActiveCfg = Release|Any CPU
		{AEAB49AF-5211-48A9-A795-F2BA47ED2DFE}.Ad-Hoc|Mixed Platforms.ActiveCfg = Release|Any CPU
		{AEAB49AF-5211-48A9-A795-F2BA47ED2DFE}.Ad-Hoc|Mixed Platforms.Build.0 = Release|Any CPU
		{AEAB49AF-5211-48A9-A795-F2BA47ED2DFE}.Ad-Hoc|Mixed Platforms.Deploy.0 = Release|Any CPU
		{AEAB49AF-5211-48A9-A795-F2BA47ED2DFE}.AppStore|Any CPU.ActiveCfg = Release|Any CPU
		{AEAB49AF-5211-48A9-A795-F2BA47ED2DFE}.AppStore|Any CPU.Build.0 = Release|Any CPU
		{AEAB49AF-5211-48A9-A795-F2BA47ED2DFE}.AppStore|Any CPU.Deploy.0 = Release|Any CPU
		{AEAB49AF-5211-48A9-A795-F2BA47ED2DFE}.AppStore|iPhone.ActiveCfg = Release|Any CPU
		{AEAB49AF-5211-48A9-A795-F2BA47ED2DFE}.AppStore|iPhoneSimulator.ActiveCfg = Release|Any CPU
		{AEAB49AF-5211-48A9-A795-F2BA47ED2DFE}.AppStore|Mixed Platforms.ActiveCfg = Release|Any CPU
		{AEAB49AF-5211-48A9-A795-F2BA47ED2DFE}.AppStore|Mixed Platforms.Build.0 = Release|Any CPU
		{AEAB49AF-5211-48A9-A795-F2BA47ED2DFE}.AppStore|Mixed Platforms.Deploy.0 = Release|Any CPU
		{AEAB49AF-5211-48A9-A795-F2BA47ED2DFE}.Debug|Any CPU.ActiveCfg = Debug|Any CPU
		{AEAB49AF-5211-48A9-A795-F2BA47ED2DFE}.Debug|Any CPU.Build.0 = Debug|Any CPU
		{AEAB49AF-5211-48A9-A795-F2BA47ED2DFE}.Debug|Any CPU.Deploy.0 = Debug|Any CPU
		{AEAB49AF-5211-48A9-A795-F2BA47ED2DFE}.Debug|iPhone.ActiveCfg = Debug|Any CPU
		{AEAB49AF-5211-48A9-A795-F2BA47ED2DFE}.Debug|iPhoneSimulator.ActiveCfg = Debug|Any CPU
		{AEAB49AF-5211-48A9-A795-F2BA47ED2DFE}.Debug|Mixed Platforms.ActiveCfg = Debug|Any CPU
		{AEAB49AF-5211-48A9-A795-F2BA47ED2DFE}.Debug|Mixed Platforms.Build.0 = Debug|Any CPU
		{AEAB49AF-5211-48A9-A795-F2BA47ED2DFE}.Debug|Mixed Platforms.Deploy.0 = Debug|Any CPU
		{AEAB49AF-5211-48A9-A795-F2BA47ED2DFE}.Release|Any CPU.ActiveCfg = Release|Any CPU
		{AEAB49AF-5211-48A9-A795-F2BA47ED2DFE}.Release|Any CPU.Build.0 = Release|Any CPU
		{AEAB49AF-5211-48A9-A795-F2BA47ED2DFE}.Release|Any CPU.Deploy.0 = Release|Any CPU
		{AEAB49AF-5211-48A9-A795-F2BA47ED2DFE}.Release|iPhone.ActiveCfg = Release|Any CPU
		{AEAB49AF-5211-48A9-A795-F2BA47ED2DFE}.Release|iPhoneSimulator.ActiveCfg = Release|Any CPU
		{AEAB49AF-5211-48A9-A795-F2BA47ED2DFE}.Release|Mixed Platforms.ActiveCfg = Release|Any CPU
		{AEAB49AF-5211-48A9-A795-F2BA47ED2DFE}.Release|Mixed Platforms.Build.0 = Release|Any CPU
		{AEAB49AF-5211-48A9-A795-F2BA47ED2DFE}.Release|Mixed Platforms.Deploy.0 = Release|Any CPU
		{EF7E8B60-E7DC-48B4-A5A3-E498E8BBE698}.Ad-Hoc|Any CPU.ActiveCfg = Release|Any CPU
		{EF7E8B60-E7DC-48B4-A5A3-E498E8BBE698}.Ad-Hoc|Any CPU.Build.0 = Release|Any CPU
		{EF7E8B60-E7DC-48B4-A5A3-E498E8BBE698}.Ad-Hoc|iPhone.ActiveCfg = Release|Any CPU
		{EF7E8B60-E7DC-48B4-A5A3-E498E8BBE698}.Ad-Hoc|iPhoneSimulator.ActiveCfg = Release|Any CPU
		{EF7E8B60-E7DC-48B4-A5A3-E498E8BBE698}.Ad-Hoc|Mixed Platforms.ActiveCfg = Release|Any CPU
		{EF7E8B60-E7DC-48B4-A5A3-E498E8BBE698}.Ad-Hoc|Mixed Platforms.Build.0 = Release|Any CPU
		{EF7E8B60-E7DC-48B4-A5A3-E498E8BBE698}.AppStore|Any CPU.ActiveCfg = Release|Any CPU
		{EF7E8B60-E7DC-48B4-A5A3-E498E8BBE698}.AppStore|Any CPU.Build.0 = Release|Any CPU
		{EF7E8B60-E7DC-48B4-A5A3-E498E8BBE698}.AppStore|iPhone.ActiveCfg = Release|Any CPU
		{EF7E8B60-E7DC-48B4-A5A3-E498E8BBE698}.AppStore|iPhoneSimulator.ActiveCfg = Release|Any CPU
		{EF7E8B60-E7DC-48B4-A5A3-E498E8BBE698}.AppStore|Mixed Platforms.ActiveCfg = Release|Any CPU
		{EF7E8B60-E7DC-48B4-A5A3-E498E8BBE698}.AppStore|Mixed Platforms.Build.0 = Release|Any CPU
		{EF7E8B60-E7DC-48B4-A5A3-E498E8BBE698}.Debug|Any CPU.ActiveCfg = Debug|Any CPU
		{EF7E8B60-E7DC-48B4-A5A3-E498E8BBE698}.Debug|Any CPU.Build.0 = Debug|Any CPU
		{EF7E8B60-E7DC-48B4-A5A3-E498E8BBE698}.Debug|iPhone.ActiveCfg = Debug|Any CPU
		{EF7E8B60-E7DC-48B4-A5A3-E498E8BBE698}.Debug|iPhoneSimulator.ActiveCfg = Debug|Any CPU
		{EF7E8B60-E7DC-48B4-A5A3-E498E8BBE698}.Debug|Mixed Platforms.ActiveCfg = Debug|Any CPU
		{EF7E8B60-E7DC-48B4-A5A3-E498E8BBE698}.Debug|Mixed Platforms.Build.0 = Debug|Any CPU
		{EF7E8B60-E7DC-48B4-A5A3-E498E8BBE698}.Release|Any CPU.ActiveCfg = Release|Any CPU
		{EF7E8B60-E7DC-48B4-A5A3-E498E8BBE698}.Release|Any CPU.Build.0 = Release|Any CPU
		{EF7E8B60-E7DC-48B4-A5A3-E498E8BBE698}.Release|iPhone.ActiveCfg = Release|Any CPU
		{EF7E8B60-E7DC-48B4-A5A3-E498E8BBE698}.Release|iPhoneSimulator.ActiveCfg = Release|Any CPU
		{EF7E8B60-E7DC-48B4-A5A3-E498E8BBE698}.Release|Mixed Platforms.ActiveCfg = Release|Any CPU
		{EF7E8B60-E7DC-48B4-A5A3-E498E8BBE698}.Release|Mixed Platforms.Build.0 = Release|Any CPU
	EndGlobalSection
	GlobalSection(SolutionProperties) = preSolution
		HideSolutionNode = FALSE
	EndGlobalSection
EndGlobal
